
Microsoft Visual Studio Solution File, Format Version 12.00
# Visual Studio Express 14 for Windows Desktop
VisualStudioVersion = 14.0.25420.1
MinimumVisualStudioVersion = 10.0.40219.1
Project("{FAE04EC0-301F-11D3-BF4B-00C04F79EFBC}") = "Statistics", "statistics\Statistics.csproj", "{7C5AA78D-14C0-4243-AA49-FF97CADC1B04}"
EndProject
Project("{FAE04EC0-301F-11D3-BF4B-00C04F79EFBC}") = "StatisticsShell", "statisticsshell\StatisticsShell.csproj", "{2FE96108-B295-4A51-9CDA-C1E2596BFF62}"
EndProject
Global
	GlobalSection(SolutionConfigurationPlatforms) = preSolution
		Debug|Any CPU = Debug|Any CPU
		Release|Any CPU = Release|Any CPU
	EndGlobalSection
	GlobalSection(ProjectConfigurationPlatforms) = postSolution
		{7C5AA78D-14C0-4243-AA49-FF97CADC1B04}.Debug|Any CPU.ActiveCfg = Debug|Any CPU
		{7C5AA78D-14C0-4243-AA49-FF97CADC1B04}.Debug|Any CPU.Build.0 = Debug|Any CPU
		{7C5AA78D-14C0-4243-AA49-FF97CADC1B04}.Release|Any CPU.ActiveCfg = Release|Any CPU
		{7C5AA78D-14C0-4243-AA49-FF97CADC1B04}.Release|Any CPU.Build.0 = Release|Any CPU
		{2FE96108-B295-4A51-9CDA-C1E2596BFF62}.Debug|Any CPU.ActiveCfg = Debug|Any CPU
		{2FE96108-B295-4A51-9CDA-C1E2596BFF62}.Debug|Any CPU.Build.0 = Debug|Any CPU
		{2FE96108-B295-4A51-9CDA-C1E2596BFF62}.Release|Any CPU.ActiveCfg = Release|Any CPU
		{2FE96108-B295-4A51-9CDA-C1E2596BFF62}.Release|Any CPU.Build.0 = Release|Any CPU
	EndGlobalSection
	GlobalSection(SolutionProperties) = preSolution
		HideSolutionNode = FALSE
	EndGlobalSection
EndGlobal
